
Microsoft Visual Studio Solution File, Format Version 12.00
# Visual Studio Version 17
VisualStudioVersion = 17.8.34330.188
MinimumVisualStudioVersion = 10.0.40219.1
Project("{8BC9CEB8-8B4A-11D0-8D11-00A0C91BC942}") = "moniker", "moniker\moniker.vcxproj", "{D0F90EE7-2D3B-4D9C-B0E1-97FED7416DB4}"
EndProject
Project("{FAE04EC0-301F-11D3-BF4B-00C04F79EFBC}") = "StdCallDemo", "StdCallDemo\StdCallDemo.csproj", "{05A6EA31-DF2C-4535-B6D2-EB38B22AEC26}"
EndProject
Project("{FAE04EC0-301F-11D3-BF4B-00C04F79EFBC}") = "KeyGenerator", "KeyGenerator\KeyGenerator.csproj", "{57C1B62A-23A2-4948-B70D-8AE075A586F6}"
EndProject
Global
	GlobalSection(SolutionConfigurationPlatforms) = preSolution
		Debug|Any CPU = Debug|Any CPU
		Debug|Mixed Platforms = Debug|Mixed Platforms
		Debug|Win32 = Debug|Win32
		Debug|x64 = Debug|x64
		Debug|x86 = Debug|x86
		Release|Any CPU = Release|Any CPU
		Release|Mixed Platforms = Release|Mixed Platforms
		Release|Win32 = Release|Win32
		Release|x64 = Release|x64
		Release|x86 = Release|x86
	EndGlobalSection
	GlobalSection(ProjectConfigurationPlatforms) = postSolution
		{D0F90EE7-2D3B-4D9C-B0E1-97FED7416DB4}.Debug|Any CPU.ActiveCfg = Debug|Win32
		{D0F90EE7-2D3B-4D9C-B0E1-97FED7416DB4}.Debug|Any CPU.Build.0 = Debug|Win32
		{D0F90EE7-2D3B-4D9C-B0E1-97FED7416DB4}.Debug|Mixed Platforms.ActiveCfg = Debug|Win32
		{D0F90EE7-2D3B-4D9C-B0E1-97FED7416DB4}.Debug|Win32.ActiveCfg = Debug|Win32
		{D0F90EE7-2D3B-4D9C-B0E1-97FED7416DB4}.Debug|Win32.Build.0 = Debug|Win32
		{D0F90EE7-2D3B-4D9C-B0E1-97FED7416DB4}.Debug|x64.ActiveCfg = Debug|Win32
		{D0F90EE7-2D3B-4D9C-B0E1-97FED7416DB4}.Debug|x64.Build.0 = Debug|Win32
		{D0F90EE7-2D3B-4D9C-B0E1-97FED7416DB4}.Debug|x86.ActiveCfg = Debug|Win32
		{D0F90EE7-2D3B-4D9C-B0E1-97FED7416DB4}.Release|Any CPU.ActiveCfg = Release|Win32
		{D0F90EE7-2D3B-4D9C-B0E1-97FED7416DB4}.Release|Any CPU.Build.0 = Release|Win32
		{D0F90EE7-2D3B-4D9C-B0E1-97FED7416DB4}.Release|Mixed Platforms.ActiveCfg = Release|Win32
		{D0F90EE7-2D3B-4D9C-B0E1-97FED7416DB4}.Release|Mixed Platforms.Build.0 = Release|Win32
		{D0F90EE7-2D3B-4D9C-B0E1-97FED7416DB4}.Release|Win32.ActiveCfg = Release|Win32
		{D0F90EE7-2D3B-4D9C-B0E1-97FED7416DB4}.Release|Win32.Build.0 = Release|Win32
		{D0F90EE7-2D3B-4D9C-B0E1-97FED7416DB4}.Release|x64.ActiveCfg = Release|Win32
		{D0F90EE7-2D3B-4D9C-B0E1-97FED7416DB4}.Release|x64.Build.0 = Release|Win32
		{D0F90EE7-2D3B-4D9C-B0E1-97FED7416DB4}.Release|x86.ActiveCfg = Release|Win32
		{05A6EA31-DF2C-4535-B6D2-EB38B22AEC26}.Debug|Any CPU.ActiveCfg = Debug|Any CPU
		{05A6EA31-DF2C-4535-B6D2-EB38B22AEC26}.Debug|Any CPU.Build.0 = Debug|Any CPU
		{05A6EA31-DF2C-4535-B6D2-EB38B22AEC26}.Debug|Mixed Platforms.ActiveCfg = Debug|x86
		{05A6EA31-DF2C-4535-B6D2-EB38B22AEC26}.Debug|Mixed Platforms.Build.0 = Debug|x86
		{05A6EA31-DF2C-4535-B6D2-EB38B22AEC26}.Debug|Win32.ActiveCfg = Debug|Any CPU
		{05A6EA31-DF2C-4535-B6D2-EB38B22AEC26}.Debug|Win32.Build.0 = Debug|Any CPU
		{05A6EA31-DF2C-4535-B6D2-EB38B22AEC26}.Debug|x64.ActiveCfg = Debug|Any CPU
		{05A6EA31-DF2C-4535-B6D2-EB38B22AEC26}.Debug|x64.Build.0 = Debug|Any CPU
		{05A6EA31-DF2C-4535-B6D2-EB38B22AEC26}.Debug|x86.ActiveCfg = Debug|Any CPU
		{05A6EA31-DF2C-4535-B6D2-EB38B22AEC26}.Debug|x86.Build.0 = Debug|Any CPU
		{05A6EA31-DF2C-4535-B6D2-EB38B22AEC26}.Release|Any CPU.ActiveCfg = Release|Any CPU
		{05A6EA31-DF2C-4535-B6D2-EB38B22AEC26}.Release|Any CPU.Build.0 = Release|Any CPU
		{05A6EA31-DF2C-4535-B6D2-EB38B22AEC26}.Release|Mixed Platforms.ActiveCfg = Release|Any CPU
		{05A6EA31-DF2C-4535-B6D2-EB38B22AEC26}.Release|Mixed Platforms.Build.0 = Release|Any CPU
		{05A6EA31-DF2C-4535-B6D2-EB38B22AEC26}.Release|Win32.ActiveCfg = Release|Any CPU
		{05A6EA31-DF2C-4535-B6D2-EB38B22AEC26}.Release|Win32.Build.0 = Release|Any CPU
		{05A6EA31-DF2C-4535-B6D2-EB38B22AEC26}.Release|x64.ActiveCfg = Release|Any CPU
		{05A6EA31-DF2C-4535-B6D2-EB38B22AEC26}.Release|x64.Build.0 = Release|Any CPU
		{05A6EA31-DF2C-4535-B6D2-EB38B22AEC26}.Release|x86.ActiveCfg = Release|Any CPU
		{05A6EA31-DF2C-4535-B6D2-EB38B22AEC26}.Release|x86.Build.0 = Release|Any CPU
		{57C1B62A-23A2-4948-B70D-8AE075A586F6}.Debug|Any CPU.ActiveCfg = Debug|x86
		{57C1B62A-23A2-4948-B70D-8AE075A586F6}.Debug|Mixed Platforms.ActiveCfg = Debug|x86
		{57C1B62A-23A2-4948-B70D-8AE075A586F6}.Debug|Mixed Platforms.Build.0 = Debug|x86
		{57C1B62A-23A2-4948-B70D-8AE075A586F6}.Debug|Win32.ActiveCfg = Debug|x86
		{57C1B62A-23A2-4948-B70D-8AE075A586F6}.Debug|x64.ActiveCfg = Debug|x86
		{57C1B62A-23A2-4948-B70D-8AE075A586F6}.Debug|x86.ActiveCfg = Debug|x86
		{57C1B62A-23A2-4948-B70D-8AE075A586F6}.Debug|x86.Build.0 = Debug|x86
		{57C1B62A-23A2-4948-B70D-8AE075A586F6}.Release|Any CPU.ActiveCfg = Release|x86
		{57C1B62A-23A2-4948-B70D-8AE075A586F6}.Release|Mixed Platforms.ActiveCfg = Release|x86
		{57C1B62A-23A2-4948-B70D-8AE075A586F6}.Release|Mixed Platforms.Build.0 = Release|x86
		{57C1B62A-23A2-4948-B70D-8AE075A586F6}.Release|Win32.ActiveCfg = Release|x86
		{57C1B62A-23A2-4948-B70D-8AE075A586F6}.Release|x64.ActiveCfg = Release|x86
		{57C1B62A-23A2-4948-B70D-8AE075A586F6}.Release|x86.ActiveCfg = Release|x86
		{57C1B62A-23A2-4948-B70D-8AE075A586F6}.Release|x86.Build.0 = Release|x86
	EndGlobalSection
	GlobalSection(SolutionProperties) = preSolution
		HideSolutionNode = FALSE
	EndGlobalSection
EndGlobal
